
Microsoft Visual Studio Solution File, Format Version 12.00
# Visual Studio Version 16
VisualStudioVersion = 16.0.28803.202
MinimumVisualStudioVersion = 10.0.40219.1
Project("{FAE04EC0-301F-11D3-BF4B-00C04F79EFBC}") = "PingPong", "PingPong\PingPong.csproj", "{FE4AE153-CC44-486D-8B91-9D815A3163FB}"
EndProject
Global
	GlobalSection(SolutionConfigurationPlatforms) = preSolution
		Debug|Any CPU = Debug|Any CPU
		Release|Any CPU = Release|Any CPU
	EndGlobalSection
	GlobalSection(ProjectConfigurationPlatforms) = postSolution
		{FE4AE153-CC44-486D-8B91-9D815A3163FB}.Debug|Any CPU.ActiveCfg = Debug|Any CPU
		{FE4AE153-CC44-486D-8B91-9D815A3163FB}.Debug|Any CPU.Build.0 = Debug|Any CPU
		{FE4AE153-CC44-486D-8B91-9D815A3163FB}.Release|Any CPU.ActiveCfg = Release|Any CPU
		{FE4AE153-CC44-486D-8B91-9D815A3163FB}.Release|Any CPU.Build.0 = Release|Any CPU
	EndGlobalSection
	GlobalSection(SolutionProperties) = preSolution
		HideSolutionNode = FALSE
	EndGlobalSection
	GlobalSection(ExtensibilityGlobals) = postSolution
		SolutionGuid = {A8921327-7C30-46EE-9908-775F9534F198}
	EndGlobalSection
EndGlobal
